
Microsoft Visual Studio Solution File, Format Version 12.00
# Visual Studio Version 16
VisualStudioVersion = 16.6.30114.105
MinimumVisualStudioVersion = 10.0.40219.1
Project("{2150E333-8FDC-42A3-9474-1A3956D46DE8}") = "src", "src", "{2078181C-ADB1-475C-A594-A0A2EF678586}"
EndProject
Project("{FAE04EC0-301F-11D3-BF4B-00C04F79EFBC}") = "Karata.Cards", "src\Karata.Cards\Karata.Cards.csproj", "{8F51FC87-40D9-47A1-A40C-7AB2060A365F}"
EndProject
Project("{2150E333-8FDC-42A3-9474-1A3956D46DE8}") = "test", "test", "{E186C019-30C0-42D9-9C26-A553C5FEE76B}"
EndProject
Project("{FAE04EC0-301F-11D3-BF4B-00C04F79EFBC}") = "Karata.Cards.Tests", "test\Karata.Cards.Tests\Karata.Cards.Tests.csproj", "{69208B0F-C04D-45AE-9D68-58DD53E50C63}"
EndProject
Project("{FAE04EC0-301F-11D3-BF4B-00C04F79EFBC}") = "Karata.Server", "src\Karata.Server\Karata.Server.csproj", "{10D449E9-664B-45D4-9749-547DF9E55ABD}"
EndProject
Project("{FAE04EC0-301F-11D3-BF4B-00C04F79EFBC}") = "Karata.Shared", "src\Karata.Shared\Karata.Shared.csproj", "{1C3FFC8F-A2CF-4D33-B493-780DACBD8F8E}"
EndProject
Project("{FAE04EC0-301F-11D3-BF4B-00C04F79EFBC}") = "Karata.Server.Tests", "test\Karata.Server.Tests\Karata.Server.Tests.csproj", "{339E61EB-40C9-45CA-8901-E0A7435F82F3}"
EndProject
Project("{FAE04EC0-301F-11D3-BF4B-00C04F79EFBC}") = "Karata.Pebble", "src\Karata.Pebble\Karata.Pebble.csproj", "{B45D048C-7F59-4F28-8B8D-A6FA8CB1B95A}"
EndProject
Project("{FAE04EC0-301F-11D3-BF4B-00C04F79EFBC}") = "Karata.Shared.Tests", "test\Karata.Shared.Tests\Karata.Shared.Tests.csproj", "{7B2A7C51-87B8-479F-A478-961573DCAEEE}"
EndProject
Project("{FAE04EC0-301F-11D3-BF4B-00C04F79EFBC}") = "Karata.Bot", "src\Karata.Bot\Karata.Bot.csproj", "{5BC85116-9ED5-468E-92E2-D2B393A5ED67}"
EndProject
Project("{FAE04EC0-301F-11D3-BF4B-00C04F79EFBC}") = "Karata.App", "src\Karata.App\Karata.App.csproj", "{3AB2E6C6-DFBE-4A79-9628-EA28109C956D}"
EndProject
Project("{FAE04EC0-301F-11D3-BF4B-00C04F79EFBC}") = "Karata.Desktop", "src\Karata.Desktop\Karata.Desktop.csproj", "{A22AD7A5-597F-445B-A4A6-8C97A67E7448}"
EndProject
Project("{FAE04EC0-301F-11D3-BF4B-00C04F79EFBC}") = "Karata.Browser", "src\Karata.Browser\Karata.Browser.csproj", "{4F540A70-B393-4F81-A4D8-7A8B4C3BA91F}"
EndProject
Project("{FAE04EC0-301F-11D3-BF4B-00C04F79EFBC}") = "Karata.iOS", "src\Karata.iOS\Karata.iOS.csproj", "{054C6408-FF50-40C2-9DBD-43AC7DD0214E}"
EndProject
Project("{FAE04EC0-301F-11D3-BF4B-00C04F79EFBC}") = "Karata.Android", "src\Karata.Android\Karata.Android.csproj", "{E4CE1163-D18F-441D-97A9-CD1CA453507E}"
EndProject
Project("{FAE04EC0-301F-11D3-BF4B-00C04F79EFBC}") = "Karata.Web", "src\Karata.Web\Karata.Web.csproj", "{9E84CE5B-7295-4AC5-8761-87B0354739EA}"
EndProject
Global
	GlobalSection(SolutionConfigurationPlatforms) = preSolution
		Debug|Any CPU = Debug|Any CPU
		Debug|x64 = Debug|x64
		Debug|x86 = Debug|x86
		Release|Any CPU = Release|Any CPU
		Release|x64 = Release|x64
		Release|x86 = Release|x86
	EndGlobalSection
	GlobalSection(SolutionProperties) = preSolution
		HideSolutionNode = FALSE
	EndGlobalSection
	GlobalSection(ProjectConfigurationPlatforms) = postSolution
		{8F51FC87-40D9-47A1-A40C-7AB2060A365F}.Debug|Any CPU.ActiveCfg = Debug|Any CPU
		{8F51FC87-40D9-47A1-A40C-7AB2060A365F}.Debug|Any CPU.Build.0 = Debug|Any CPU
		{8F51FC87-40D9-47A1-A40C-7AB2060A365F}.Debug|x64.ActiveCfg = Debug|Any CPU
		{8F51FC87-40D9-47A1-A40C-7AB2060A365F}.Debug|x64.Build.0 = Debug|Any CPU
		{8F51FC87-40D9-47A1-A40C-7AB2060A365F}.Debug|x86.ActiveCfg = Debug|Any CPU
		{8F51FC87-40D9-47A1-A40C-7AB2060A365F}.Debug|x86.Build.0 = Debug|Any CPU
		{8F51FC87-40D9-47A1-A40C-7AB2060A365F}.Release|Any CPU.ActiveCfg = Release|Any CPU
		{8F51FC87-40D9-47A1-A40C-7AB2060A365F}.Release|Any CPU.Build.0 = Release|Any CPU
		{8F51FC87-40D9-47A1-A40C-7AB2060A365F}.Release|x64.ActiveCfg = Release|Any CPU
		{8F51FC87-40D9-47A1-A40C-7AB2060A365F}.Release|x64.Build.0 = Release|Any CPU
		{8F51FC87-40D9-47A1-A40C-7AB2060A365F}.Release|x86.ActiveCfg = Release|Any CPU
		{8F51FC87-40D9-47A1-A40C-7AB2060A365F}.Release|x86.Build.0 = Release|Any CPU
		{69208B0F-C04D-45AE-9D68-58DD53E50C63}.Debug|Any CPU.ActiveCfg = Debug|Any CPU
		{69208B0F-C04D-45AE-9D68-58DD53E50C63}.Debug|Any CPU.Build.0 = Debug|Any CPU
		{69208B0F-C04D-45AE-9D68-58DD53E50C63}.Debug|x64.ActiveCfg = Debug|Any CPU
		{69208B0F-C04D-45AE-9D68-58DD53E50C63}.Debug|x64.Build.0 = Debug|Any CPU
		{69208B0F-C04D-45AE-9D68-58DD53E50C63}.Debug|x86.ActiveCfg = Debug|Any CPU
		{69208B0F-C04D-45AE-9D68-58DD53E50C63}.Debug|x86.Build.0 = Debug|Any CPU
		{69208B0F-C04D-45AE-9D68-58DD53E50C63}.Release|Any CPU.ActiveCfg = Release|Any CPU
		{69208B0F-C04D-45AE-9D68-58DD53E50C63}.Release|Any CPU.Build.0 = Release|Any CPU
		{69208B0F-C04D-45AE-9D68-58DD53E50C63}.Release|x64.ActiveCfg = Release|Any CPU
		{69208B0F-C04D-45AE-9D68-58DD53E50C63}.Release|x64.Build.0 = Release|Any CPU
		{69208B0F-C04D-45AE-9D68-58DD53E50C63}.Release|x86.ActiveCfg = Release|Any CPU
		{69208B0F-C04D-45AE-9D68-58DD53E50C63}.Release|x86.Build.0 = Release|Any CPU
		{10D449E9-664B-45D4-9749-547DF9E55ABD}.Debug|Any CPU.ActiveCfg = Debug|Any CPU
		{10D449E9-664B-45D4-9749-547DF9E55ABD}.Debug|Any CPU.Build.0 = Debug|Any CPU
		{10D449E9-664B-45D4-9749-547DF9E55ABD}.Debug|x64.ActiveCfg = Debug|Any CPU
		{10D449E9-664B-45D4-9749-547DF9E55ABD}.Debug|x64.Build.0 = Debug|Any CPU
		{10D449E9-664B-45D4-9749-547DF9E55ABD}.Debug|x86.ActiveCfg = Debug|Any CPU
		{10D449E9-664B-45D4-9749-547DF9E55ABD}.Debug|x86.Build.0 = Debug|Any CPU
		{10D449E9-664B-45D4-9749-547DF9E55ABD}.Release|Any CPU.ActiveCfg = Release|Any CPU
		{10D449E9-664B-45D4-9749-547DF9E55ABD}.Release|Any CPU.Build.0 = Release|Any CPU
		{10D449E9-664B-45D4-9749-547DF9E55ABD}.Release|x64.ActiveCfg = Release|Any CPU
		{10D449E9-664B-45D4-9749-547DF9E55ABD}.Release|x64.Build.0 = Release|Any CPU
		{10D449E9-664B-45D4-9749-547DF9E55ABD}.Release|x86.ActiveCfg = Release|Any CPU
		{10D449E9-664B-45D4-9749-547DF9E55ABD}.Release|x86.Build.0 = Release|Any CPU
		{1C3FFC8F-A2CF-4D33-B493-780DACBD8F8E}.Debug|Any CPU.ActiveCfg = Debug|Any CPU
		{1C3FFC8F-A2CF-4D33-B493-780DACBD8F8E}.Debug|Any CPU.Build.0 = Debug|Any CPU
		{1C3FFC8F-A2CF-4D33-B493-780DACBD8F8E}.Debug|x64.ActiveCfg = Debug|Any CPU
		{1C3FFC8F-A2CF-4D33-B493-780DACBD8F8E}.Debug|x64.Build.0 = Debug|Any CPU
		{1C3FFC8F-A2CF-4D33-B493-780DACBD8F8E}.Debug|x86.ActiveCfg = Debug|Any CPU
		{1C3FFC8F-A2CF-4D33-B493-780DACBD8F8E}.Debug|x86.Build.0 = Debug|Any CPU
		{1C3FFC8F-A2CF-4D33-B493-780DACBD8F8E}.Release|Any CPU.ActiveCfg = Release|Any CPU
		{1C3FFC8F-A2CF-4D33-B493-780DACBD8F8E}.Release|Any CPU.Build.0 = Release|Any CPU
		{1C3FFC8F-A2CF-4D33-B493-780DACBD8F8E}.Release|x64.ActiveCfg = Release|Any CPU
		{1C3FFC8F-A2CF-4D33-B493-780DACBD8F8E}.Release|x64.Build.0 = Release|Any CPU
		{1C3FFC8F-A2CF-4D33-B493-780DACBD8F8E}.Release|x86.ActiveCfg = Release|Any CPU
		{1C3FFC8F-A2CF-4D33-B493-780DACBD8F8E}.Release|x86.Build.0 = Release|Any CPU
		{339E61EB-40C9-45CA-8901-E0A7435F82F3}.Debug|Any CPU.ActiveCfg = Debug|Any CPU
		{339E61EB-40C9-45CA-8901-E0A7435F82F3}.Debug|Any CPU.Build.0 = Debug|Any CPU
		{339E61EB-40C9-45CA-8901-E0A7435F82F3}.Debug|x64.ActiveCfg = Debug|Any CPU
		{339E61EB-40C9-45CA-8901-E0A7435F82F3}.Debug|x64.Build.0 = Debug|Any CPU
		{339E61EB-40C9-45CA-8901-E0A7435F82F3}.Debug|x86.ActiveCfg = Debug|Any CPU
		{339E61EB-40C9-45CA-8901-E0A7435F82F3}.Debug|x86.Build.0 = Debug|Any CPU
		{339E61EB-40C9-45CA-8901-E0A7435F82F3}.Release|Any CPU.ActiveCfg = Release|Any CPU
		{339E61EB-40C9-45CA-8901-E0A7435F82F3}.Release|Any CPU.Build.0 = Release|Any CPU
		{339E61EB-40C9-45CA-8901-E0A7435F82F3}.Release|x64.ActiveCfg = Release|Any CPU
		{339E61EB-40C9-45CA-8901-E0A7435F82F3}.Release|x64.Build.0 = Release|Any CPU
		{339E61EB-40C9-45CA-8901-E0A7435F82F3}.Release|x86.ActiveCfg = Release|Any CPU
		{339E61EB-40C9-45CA-8901-E0A7435F82F3}.Release|x86.Build.0 = Release|Any CPU
		{B45D048C-7F59-4F28-8B8D-A6FA8CB1B95A}.Debug|Any CPU.ActiveCfg = Debug|Any CPU
		{B45D048C-7F59-4F28-8B8D-A6FA8CB1B95A}.Debug|Any CPU.Build.0 = Debug|Any CPU
		{B45D048C-7F59-4F28-8B8D-A6FA8CB1B95A}.Debug|x64.ActiveCfg = Debug|Any CPU
		{B45D048C-7F59-4F28-8B8D-A6FA8CB1B95A}.Debug|x64.Build.0 = Debug|Any CPU
		{B45D048C-7F59-4F28-8B8D-A6FA8CB1B95A}.Debug|x86.ActiveCfg = Debug|Any CPU
		{B45D048C-7F59-4F28-8B8D-A6FA8CB1B95A}.Debug|x86.Build.0 = Debug|Any CPU
		{B45D048C-7F59-4F28-8B8D-A6FA8CB1B95A}.Release|Any CPU.ActiveCfg = Release|Any CPU
		{B45D048C-7F59-4F28-8B8D-A6FA8CB1B95A}.Release|Any CPU.Build.0 = Release|Any CPU
		{B45D048C-7F59-4F28-8B8D-A6FA8CB1B95A}.Release|x64.ActiveCfg = Release|Any CPU
		{B45D048C-7F59-4F28-8B8D-A6FA8CB1B95A}.Release|x64.Build.0 = Release|Any CPU
		{B45D048C-7F59-4F28-8B8D-A6FA8CB1B95A}.Release|x86.ActiveCfg = Release|Any CPU
		{B45D048C-7F59-4F28-8B8D-A6FA8CB1B95A}.Release|x86.Build.0 = Release|Any CPU
		{7B2A7C51-87B8-479F-A478-961573DCAEEE}.Debug|Any CPU.ActiveCfg = Debug|Any CPU
		{7B2A7C51-87B8-479F-A478-961573DCAEEE}.Debug|Any CPU.Build.0 = Debug|Any CPU
		{7B2A7C51-87B8-479F-A478-961573DCAEEE}.Debug|x64.ActiveCfg = Debug|Any CPU
		{7B2A7C51-87B8-479F-A478-961573DCAEEE}.Debug|x64.Build.0 = Debug|Any CPU
		{7B2A7C51-87B8-479F-A478-961573DCAEEE}.Debug|x86.ActiveCfg = Debug|Any CPU
		{7B2A7C51-87B8-479F-A478-961573DCAEEE}.Debug|x86.Build.0 = Debug|Any CPU
		{7B2A7C51-87B8-479F-A478-961573DCAEEE}.Release|Any CPU.ActiveCfg = Release|Any CPU
		{7B2A7C51-87B8-479F-A478-961573DCAEEE}.Release|Any CPU.Build.0 = Release|Any CPU
		{7B2A7C51-87B8-479F-A478-961573DCAEEE}.Release|x64.ActiveCfg = Release|Any CPU
		{7B2A7C51-87B8-479F-A478-961573DCAEEE}.Release|x64.Build.0 = Release|Any CPU
		{7B2A7C51-87B8-479F-A478-961573DCAEEE}.Release|x86.ActiveCfg = Release|Any CPU
		{7B2A7C51-87B8-479F-A478-961573DCAEEE}.Release|x86.Build.0 = Release|Any CPU
		{5BC85116-9ED5-468E-92E2-D2B393A5ED67}.Debug|Any CPU.ActiveCfg = Debug|Any CPU
		{5BC85116-9ED5-468E-92E2-D2B393A5ED67}.Debug|Any CPU.Build.0 = Debug|Any CPU
		{5BC85116-9ED5-468E-92E2-D2B393A5ED67}.Debug|x64.ActiveCfg = Debug|Any CPU
		{5BC85116-9ED5-468E-92E2-D2B393A5ED67}.Debug|x64.Build.0 = Debug|Any CPU
		{5BC85116-9ED5-468E-92E2-D2B393A5ED67}.Debug|x86.ActiveCfg = Debug|Any CPU
		{5BC85116-9ED5-468E-92E2-D2B393A5ED67}.Debug|x86.Build.0 = Debug|Any CPU
		{5BC85116-9ED5-468E-92E2-D2B393A5ED67}.Release|Any CPU.ActiveCfg = Release|Any CPU
		{5BC85116-9ED5-468E-92E2-D2B393A5ED67}.Release|Any CPU.Build.0 = Release|Any CPU
		{5BC85116-9ED5-468E-92E2-D2B393A5ED67}.Release|x64.ActiveCfg = Release|Any CPU
		{5BC85116-9ED5-468E-92E2-D2B393A5ED67}.Release|x64.Build.0 = Release|Any CPU
		{5BC85116-9ED5-468E-92E2-D2B393A5ED67}.Release|x86.ActiveCfg = Release|Any CPU
		{5BC85116-9ED5-468E-92E2-D2B393A5ED67}.Release|x86.Build.0 = Release|Any CPU
		{3AB2E6C6-DFBE-4A79-9628-EA28109C956D}.Debug|Any CPU.ActiveCfg = Debug|Any CPU
		{3AB2E6C6-DFBE-4A79-9628-EA28109C956D}.Debug|Any CPU.Build.0 = Debug|Any CPU
		{3AB2E6C6-DFBE-4A79-9628-EA28109C956D}.Debug|x64.ActiveCfg = Debug|Any CPU
		{3AB2E6C6-DFBE-4A79-9628-EA28109C956D}.Debug|x64.Build.0 = Debug|Any CPU
		{3AB2E6C6-DFBE-4A79-9628-EA28109C956D}.Debug|x86.ActiveCfg = Debug|Any CPU
		{3AB2E6C6-DFBE-4A79-9628-EA28109C956D}.Debug|x86.Build.0 = Debug|Any CPU
		{3AB2E6C6-DFBE-4A79-9628-EA28109C956D}.Release|Any CPU.ActiveCfg = Release|Any CPU
		{3AB2E6C6-DFBE-4A79-9628-EA28109C956D}.Release|Any CPU.Build.0 = Release|Any CPU
		{3AB2E6C6-DFBE-4A79-9628-EA28109C956D}.Release|x64.ActiveCfg = Release|Any CPU
		{3AB2E6C6-DFBE-4A79-9628-EA28109C956D}.Release|x64.Build.0 = Release|Any CPU
		{3AB2E6C6-DFBE-4A79-9628-EA28109C956D}.Release|x86.ActiveCfg = Release|Any CPU
		{3AB2E6C6-DFBE-4A79-9628-EA28109C956D}.Release|x86.Build.0 = Release|Any CPU
		{A22AD7A5-597F-445B-A4A6-8C97A67E7448}.Debug|Any CPU.ActiveCfg = Debug|Any CPU
		{A22AD7A5-597F-445B-A4A6-8C97A67E7448}.Debug|Any CPU.Build.0 = Debug|Any CPU
		{A22AD7A5-597F-445B-A4A6-8C97A67E7448}.Debug|x64.ActiveCfg = Debug|Any CPU
		{A22AD7A5-597F-445B-A4A6-8C97A67E7448}.Debug|x64.Build.0 = Debug|Any CPU
		{A22AD7A5-597F-445B-A4A6-8C97A67E7448}.Debug|x86.ActiveCfg = Debug|Any CPU
		{A22AD7A5-597F-445B-A4A6-8C97A67E7448}.Debug|x86.Build.0 = Debug|Any CPU
		{A22AD7A5-597F-445B-A4A6-8C97A67E7448}.Release|Any CPU.ActiveCfg = Release|Any CPU
		{A22AD7A5-597F-445B-A4A6-8C97A67E7448}.Release|Any CPU.Build.0 = Release|Any CPU
		{A22AD7A5-597F-445B-A4A6-8C97A67E7448}.Release|x64.ActiveCfg = Release|Any CPU
		{A22AD7A5-597F-445B-A4A6-8C97A67E7448}.Release|x64.Build.0 = Release|Any CPU
		{A22AD7A5-597F-445B-A4A6-8C97A67E7448}.Release|x86.ActiveCfg = Release|Any CPU
		{A22AD7A5-597F-445B-A4A6-8C97A67E7448}.Release|x86.Build.0 = Release|Any CPU
		{4F540A70-B393-4F81-A4D8-7A8B4C3BA91F}.Debug|Any CPU.ActiveCfg = Debug|Any CPU
		{4F540A70-B393-4F81-A4D8-7A8B4C3BA91F}.Debug|Any CPU.Build.0 = Debug|Any CPU
		{4F540A70-B393-4F81-A4D8-7A8B4C3BA91F}.Debug|x64.ActiveCfg = Debug|Any CPU
		{4F540A70-B393-4F81-A4D8-7A8B4C3BA91F}.Debug|x64.Build.0 = Debug|Any CPU
		{4F540A70-B393-4F81-A4D8-7A8B4C3BA91F}.Debug|x86.ActiveCfg = Debug|Any CPU
		{4F540A70-B393-4F81-A4D8-7A8B4C3BA91F}.Debug|x86.Build.0 = Debug|Any CPU
		{4F540A70-B393-4F81-A4D8-7A8B4C3BA91F}.Release|Any CPU.ActiveCfg = Release|Any CPU
		{4F540A70-B393-4F81-A4D8-7A8B4C3BA91F}.Release|Any CPU.Build.0 = Release|Any CPU
		{4F540A70-B393-4F81-A4D8-7A8B4C3BA91F}.Release|x64.ActiveCfg = Release|Any CPU
		{4F540A70-B393-4F81-A4D8-7A8B4C3BA91F}.Release|x64.Build.0 = Release|Any CPU
		{4F540A70-B393-4F81-A4D8-7A8B4C3BA91F}.Release|x86.ActiveCfg = Release|Any CPU
		{4F540A70-B393-4F81-A4D8-7A8B4C3BA91F}.Release|x86.Build.0 = Release|Any CPU
		{054C6408-FF50-40C2-9DBD-43AC7DD0214E}.Debug|Any CPU.ActiveCfg = Debug|Any CPU
		{054C6408-FF50-40C2-9DBD-43AC7DD0214E}.Debug|Any CPU.Build.0 = Debug|Any CPU
		{054C6408-FF50-40C2-9DBD-43AC7DD0214E}.Debug|x64.ActiveCfg = Debug|Any CPU
		{054C6408-FF50-40C2-9DBD-43AC7DD0214E}.Debug|x64.Build.0 = Debug|Any CPU
		{054C6408-FF50-40C2-9DBD-43AC7DD0214E}.Debug|x86.ActiveCfg = Debug|Any CPU
		{054C6408-FF50-40C2-9DBD-43AC7DD0214E}.Debug|x86.Build.0 = Debug|Any CPU
		{054C6408-FF50-40C2-9DBD-43AC7DD0214E}.Release|Any CPU.ActiveCfg = Release|Any CPU
		{054C6408-FF50-40C2-9DBD-43AC7DD0214E}.Release|Any CPU.Build.0 = Release|Any CPU
		{054C6408-FF50-40C2-9DBD-43AC7DD0214E}.Release|x64.ActiveCfg = Release|Any CPU
		{054C6408-FF50-40C2-9DBD-43AC7DD0214E}.Release|x64.Build.0 = Release|Any CPU
		{054C6408-FF50-40C2-9DBD-43AC7DD0214E}.Release|x86.ActiveCfg = Release|Any CPU
		{054C6408-FF50-40C2-9DBD-43AC7DD0214E}.Release|x86.Build.0 = Release|Any CPU
		{E4CE1163-D18F-441D-97A9-CD1CA453507E}.Debug|Any CPU.ActiveCfg = Debug|Any CPU
		{E4CE1163-D18F-441D-97A9-CD1CA453507E}.Debug|Any CPU.Build.0 = Debug|Any CPU
		{E4CE1163-D18F-441D-97A9-CD1CA453507E}.Debug|x64.ActiveCfg = Debug|Any CPU
		{E4CE1163-D18F-441D-97A9-CD1CA453507E}.Debug|x64.Build.0 = Debug|Any CPU
		{E4CE1163-D18F-441D-97A9-CD1CA453507E}.Debug|x86.ActiveCfg = Debug|Any CPU
		{E4CE1163-D18F-441D-97A9-CD1CA453507E}.Debug|x86.Build.0 = Debug|Any CPU
		{E4CE1163-D18F-441D-97A9-CD1CA453507E}.Release|Any CPU.ActiveCfg = Release|Any CPU
		{E4CE1163-D18F-441D-97A9-CD1CA453507E}.Release|Any CPU.Build.0 = Release|Any CPU
		{E4CE1163-D18F-441D-97A9-CD1CA453507E}.Release|x64.ActiveCfg = Release|Any CPU
		{E4CE1163-D18F-441D-97A9-CD1CA453507E}.Release|x64.Build.0 = Release|Any CPU
		{E4CE1163-D18F-441D-97A9-CD1CA453507E}.Release|x86.ActiveCfg = Release|Any CPU
		{E4CE1163-D18F-441D-97A9-CD1CA453507E}.Release|x86.Build.0 = Release|Any CPU
		{9E84CE5B-7295-4AC5-8761-87B0354739EA}.Debug|Any CPU.ActiveCfg = Debug|Any CPU
		{9E84CE5B-7295-4AC5-8761-87B0354739EA}.Debug|Any CPU.Build.0 = Debug|Any CPU
		{9E84CE5B-7295-4AC5-8761-87B0354739EA}.Debug|x64.ActiveCfg = Debug|Any CPU
		{9E84CE5B-7295-4AC5-8761-87B0354739EA}.Debug|x64.Build.0 = Debug|Any CPU
		{9E84CE5B-7295-4AC5-8761-87B0354739EA}.Debug|x86.ActiveCfg = Debug|Any CPU
		{9E84CE5B-7295-4AC5-8761-87B0354739EA}.Debug|x86.Build.0 = Debug|Any CPU
		{9E84CE5B-7295-4AC5-8761-87B0354739EA}.Release|Any CPU.ActiveCfg = Release|Any CPU
		{9E84CE5B-7295-4AC5-8761-87B0354739EA}.Release|Any CPU.Build.0 = Release|Any CPU
		{9E84CE5B-7295-4AC5-8761-87B0354739EA}.Release|x64.ActiveCfg = Release|Any CPU
		{9E84CE5B-7295-4AC5-8761-87B0354739EA}.Release|x64.Build.0 = Release|Any CPU
		{9E84CE5B-7295-4AC5-8761-87B0354739EA}.Release|x86.ActiveCfg = Release|Any CPU
		{9E84CE5B-7295-4AC5-8761-87B0354739EA}.Release|x86.Build.0 = Release|Any CPU
	EndGlobalSection
	GlobalSection(NestedProjects) = preSolution
		{8F51FC87-40D9-47A1-A40C-7AB2060A365F} = {2078181C-ADB1-475C-A594-A0A2EF678586}
		{69208B0F-C04D-45AE-9D68-58DD53E50C63} = {E186C019-30C0-42D9-9C26-A553C5FEE76B}
		{10D449E9-664B-45D4-9749-547DF9E55ABD} = {2078181C-ADB1-475C-A594-A0A2EF678586}
		{1C3FFC8F-A2CF-4D33-B493-780DACBD8F8E} = {2078181C-ADB1-475C-A594-A0A2EF678586}
		{339E61EB-40C9-45CA-8901-E0A7435F82F3} = {E186C019-30C0-42D9-9C26-A553C5FEE76B}
		{B45D048C-7F59-4F28-8B8D-A6FA8CB1B95A} = {2078181C-ADB1-475C-A594-A0A2EF678586}
		{7B2A7C51-87B8-479F-A478-961573DCAEEE} = {E186C019-30C0-42D9-9C26-A553C5FEE76B}
		{5BC85116-9ED5-468E-92E2-D2B393A5ED67} = {2078181C-ADB1-475C-A594-A0A2EF678586}
		{3AB2E6C6-DFBE-4A79-9628-EA28109C956D} = {2078181C-ADB1-475C-A594-A0A2EF678586}
		{A22AD7A5-597F-445B-A4A6-8C97A67E7448} = {2078181C-ADB1-475C-A594-A0A2EF678586}
		{4F540A70-B393-4F81-A4D8-7A8B4C3BA91F} = {2078181C-ADB1-475C-A594-A0A2EF678586}
		{054C6408-FF50-40C2-9DBD-43AC7DD0214E} = {2078181C-ADB1-475C-A594-A0A2EF678586}
		{E4CE1163-D18F-441D-97A9-CD1CA453507E} = {2078181C-ADB1-475C-A594-A0A2EF678586}
		{9E84CE5B-7295-4AC5-8761-87B0354739EA} = {2078181C-ADB1-475C-A594-A0A2EF678586}
	EndGlobalSection
EndGlobal
