
Microsoft Visual Studio Solution File, Format Version 12.00
# Visual Studio Version 16
VisualStudioVersion = 16.6.30114.105
MinimumVisualStudioVersion = 10.0.40219.1
Project("{2150E333-8FDC-42A3-9474-1A3956D46DE8}") = "src", "src", "{2078181C-ADB1-475C-A594-A0A2EF678586}"
EndProject
Project("{FAE04EC0-301F-11D3-BF4B-00C04F79EFBC}") = "Karata.Web", "src\Karata.Web\Karata.Web.csproj", "{E035E152-0856-4E40-802B-153BABBF1423}"
EndProject
Project("{FAE04EC0-301F-11D3-BF4B-00C04F79EFBC}") = "Karata.Cards", "src\Karata.Cards\Karata.Cards.csproj", "{8F51FC87-40D9-47A1-A40C-7AB2060A365F}"
EndProject
Project("{FAE04EC0-301F-11D3-BF4B-00C04F79EFBC}") = "Karata.Cli", "src\Karata.Cli\Karata.Cli.csproj", "{09ECDDA4-CDCB-46AA-8C92-134C464AF354}"
EndProject
Project("{2150E333-8FDC-42A3-9474-1A3956D46DE8}") = "test", "test", "{E186C019-30C0-42D9-9C26-A553C5FEE76B}"
EndProject
Project("{FAE04EC0-301F-11D3-BF4B-00C04F79EFBC}") = "Karata.Cards.Tests", "test\Karata.Cards.Tests\Karata.Cards.Tests.csproj", "{69208B0F-C04D-45AE-9D68-58DD53E50C63}"
EndProject
Project("{FAE04EC0-301F-11D3-BF4B-00C04F79EFBC}") = "Karata.Web.Tests", "test\Karata.Web.Tests\Karata.Web.Tests.csproj", "{8401CDFA-E380-4F21-9009-0A52B30E53D1}"
EndProject
Project("{FAE04EC0-301F-11D3-BF4B-00C04F79EFBC}") = "Karata.Client", "src\Karata.Client\Karata.Client.csproj", "{1ACEE604-FA73-469B-8C0B-A2C47367EDEF}"
EndProject
Project("{FAE04EC0-301F-11D3-BF4B-00C04F79EFBC}") = "Karata.Server", "src\Karata.Server\Karata.Server.csproj", "{10D449E9-664B-45D4-9749-547DF9E55ABD}"
EndProject
Project("{FAE04EC0-301F-11D3-BF4B-00C04F79EFBC}") = "Karata.Shared", "src\Karata.Shared\Karata.Shared.csproj", "{1C3FFC8F-A2CF-4D33-B493-780DACBD8F8E}"
EndProject
Project("{FAE04EC0-301F-11D3-BF4B-00C04F79EFBC}") = "Karata.Server.Tests", "test\Karata.Server.Tests\Karata.Server.Tests.csproj", "{339E61EB-40C9-45CA-8901-E0A7435F82F3}"
EndProject
Global
	GlobalSection(SolutionConfigurationPlatforms) = preSolution
		Debug|Any CPU = Debug|Any CPU
		Debug|x64 = Debug|x64
		Debug|x86 = Debug|x86
		Release|Any CPU = Release|Any CPU
		Release|x64 = Release|x64
		Release|x86 = Release|x86
	EndGlobalSection
	GlobalSection(SolutionProperties) = preSolution
		HideSolutionNode = FALSE
	EndGlobalSection
	GlobalSection(ProjectConfigurationPlatforms) = postSolution
		{E035E152-0856-4E40-802B-153BABBF1423}.Debug|Any CPU.ActiveCfg = Debug|Any CPU
		{E035E152-0856-4E40-802B-153BABBF1423}.Debug|Any CPU.Build.0 = Debug|Any CPU
		{E035E152-0856-4E40-802B-153BABBF1423}.Debug|x64.ActiveCfg = Debug|Any CPU
		{E035E152-0856-4E40-802B-153BABBF1423}.Debug|x64.Build.0 = Debug|Any CPU
		{E035E152-0856-4E40-802B-153BABBF1423}.Debug|x86.ActiveCfg = Debug|Any CPU
		{E035E152-0856-4E40-802B-153BABBF1423}.Debug|x86.Build.0 = Debug|Any CPU
		{E035E152-0856-4E40-802B-153BABBF1423}.Release|Any CPU.ActiveCfg = Release|Any CPU
		{E035E152-0856-4E40-802B-153BABBF1423}.Release|Any CPU.Build.0 = Release|Any CPU
		{E035E152-0856-4E40-802B-153BABBF1423}.Release|x64.ActiveCfg = Release|Any CPU
		{E035E152-0856-4E40-802B-153BABBF1423}.Release|x64.Build.0 = Release|Any CPU
		{E035E152-0856-4E40-802B-153BABBF1423}.Release|x86.ActiveCfg = Release|Any CPU
		{E035E152-0856-4E40-802B-153BABBF1423}.Release|x86.Build.0 = Release|Any CPU
		{8F51FC87-40D9-47A1-A40C-7AB2060A365F}.Debug|Any CPU.ActiveCfg = Debug|Any CPU
		{8F51FC87-40D9-47A1-A40C-7AB2060A365F}.Debug|Any CPU.Build.0 = Debug|Any CPU
		{8F51FC87-40D9-47A1-A40C-7AB2060A365F}.Debug|x64.ActiveCfg = Debug|Any CPU
		{8F51FC87-40D9-47A1-A40C-7AB2060A365F}.Debug|x64.Build.0 = Debug|Any CPU
		{8F51FC87-40D9-47A1-A40C-7AB2060A365F}.Debug|x86.ActiveCfg = Debug|Any CPU
		{8F51FC87-40D9-47A1-A40C-7AB2060A365F}.Debug|x86.Build.0 = Debug|Any CPU
		{8F51FC87-40D9-47A1-A40C-7AB2060A365F}.Release|Any CPU.ActiveCfg = Release|Any CPU
		{8F51FC87-40D9-47A1-A40C-7AB2060A365F}.Release|Any CPU.Build.0 = Release|Any CPU
		{8F51FC87-40D9-47A1-A40C-7AB2060A365F}.Release|x64.ActiveCfg = Release|Any CPU
		{8F51FC87-40D9-47A1-A40C-7AB2060A365F}.Release|x64.Build.0 = Release|Any CPU
		{8F51FC87-40D9-47A1-A40C-7AB2060A365F}.Release|x86.ActiveCfg = Release|Any CPU
		{8F51FC87-40D9-47A1-A40C-7AB2060A365F}.Release|x86.Build.0 = Release|Any CPU
		{09ECDDA4-CDCB-46AA-8C92-134C464AF354}.Debug|Any CPU.ActiveCfg = Debug|Any CPU
		{09ECDDA4-CDCB-46AA-8C92-134C464AF354}.Debug|Any CPU.Build.0 = Debug|Any CPU
		{09ECDDA4-CDCB-46AA-8C92-134C464AF354}.Debug|x64.ActiveCfg = Debug|Any CPU
		{09ECDDA4-CDCB-46AA-8C92-134C464AF354}.Debug|x64.Build.0 = Debug|Any CPU
		{09ECDDA4-CDCB-46AA-8C92-134C464AF354}.Debug|x86.ActiveCfg = Debug|Any CPU
		{09ECDDA4-CDCB-46AA-8C92-134C464AF354}.Debug|x86.Build.0 = Debug|Any CPU
		{09ECDDA4-CDCB-46AA-8C92-134C464AF354}.Release|Any CPU.ActiveCfg = Release|Any CPU
		{09ECDDA4-CDCB-46AA-8C92-134C464AF354}.Release|Any CPU.Build.0 = Release|Any CPU
		{09ECDDA4-CDCB-46AA-8C92-134C464AF354}.Release|x64.ActiveCfg = Release|Any CPU
		{09ECDDA4-CDCB-46AA-8C92-134C464AF354}.Release|x64.Build.0 = Release|Any CPU
		{09ECDDA4-CDCB-46AA-8C92-134C464AF354}.Release|x86.ActiveCfg = Release|Any CPU
		{09ECDDA4-CDCB-46AA-8C92-134C464AF354}.Release|x86.Build.0 = Release|Any CPU
		{69208B0F-C04D-45AE-9D68-58DD53E50C63}.Debug|Any CPU.ActiveCfg = Debug|Any CPU
		{69208B0F-C04D-45AE-9D68-58DD53E50C63}.Debug|Any CPU.Build.0 = Debug|Any CPU
		{69208B0F-C04D-45AE-9D68-58DD53E50C63}.Debug|x64.ActiveCfg = Debug|Any CPU
		{69208B0F-C04D-45AE-9D68-58DD53E50C63}.Debug|x64.Build.0 = Debug|Any CPU
		{69208B0F-C04D-45AE-9D68-58DD53E50C63}.Debug|x86.ActiveCfg = Debug|Any CPU
		{69208B0F-C04D-45AE-9D68-58DD53E50C63}.Debug|x86.Build.0 = Debug|Any CPU
		{69208B0F-C04D-45AE-9D68-58DD53E50C63}.Release|Any CPU.ActiveCfg = Release|Any CPU
		{69208B0F-C04D-45AE-9D68-58DD53E50C63}.Release|Any CPU.Build.0 = Release|Any CPU
		{69208B0F-C04D-45AE-9D68-58DD53E50C63}.Release|x64.ActiveCfg = Release|Any CPU
		{69208B0F-C04D-45AE-9D68-58DD53E50C63}.Release|x64.Build.0 = Release|Any CPU
		{69208B0F-C04D-45AE-9D68-58DD53E50C63}.Release|x86.ActiveCfg = Release|Any CPU
		{69208B0F-C04D-45AE-9D68-58DD53E50C63}.Release|x86.Build.0 = Release|Any CPU
		{8401CDFA-E380-4F21-9009-0A52B30E53D1}.Debug|Any CPU.ActiveCfg = Debug|Any CPU
		{8401CDFA-E380-4F21-9009-0A52B30E53D1}.Debug|Any CPU.Build.0 = Debug|Any CPU
		{8401CDFA-E380-4F21-9009-0A52B30E53D1}.Debug|x64.ActiveCfg = Debug|Any CPU
		{8401CDFA-E380-4F21-9009-0A52B30E53D1}.Debug|x64.Build.0 = Debug|Any CPU
		{8401CDFA-E380-4F21-9009-0A52B30E53D1}.Debug|x86.ActiveCfg = Debug|Any CPU
		{8401CDFA-E380-4F21-9009-0A52B30E53D1}.Debug|x86.Build.0 = Debug|Any CPU
		{8401CDFA-E380-4F21-9009-0A52B30E53D1}.Release|Any CPU.ActiveCfg = Release|Any CPU
		{8401CDFA-E380-4F21-9009-0A52B30E53D1}.Release|Any CPU.Build.0 = Release|Any CPU
		{8401CDFA-E380-4F21-9009-0A52B30E53D1}.Release|x64.ActiveCfg = Release|Any CPU
		{8401CDFA-E380-4F21-9009-0A52B30E53D1}.Release|x64.Build.0 = Release|Any CPU
		{8401CDFA-E380-4F21-9009-0A52B30E53D1}.Release|x86.ActiveCfg = Release|Any CPU
		{8401CDFA-E380-4F21-9009-0A52B30E53D1}.Release|x86.Build.0 = Release|Any CPU
		{1ACEE604-FA73-469B-8C0B-A2C47367EDEF}.Debug|Any CPU.ActiveCfg = Debug|Any CPU
		{1ACEE604-FA73-469B-8C0B-A2C47367EDEF}.Debug|Any CPU.Build.0 = Debug|Any CPU
		{1ACEE604-FA73-469B-8C0B-A2C47367EDEF}.Debug|x64.ActiveCfg = Debug|Any CPU
		{1ACEE604-FA73-469B-8C0B-A2C47367EDEF}.Debug|x64.Build.0 = Debug|Any CPU
		{1ACEE604-FA73-469B-8C0B-A2C47367EDEF}.Debug|x86.ActiveCfg = Debug|Any CPU
		{1ACEE604-FA73-469B-8C0B-A2C47367EDEF}.Debug|x86.Build.0 = Debug|Any CPU
		{1ACEE604-FA73-469B-8C0B-A2C47367EDEF}.Release|Any CPU.ActiveCfg = Release|Any CPU
		{1ACEE604-FA73-469B-8C0B-A2C47367EDEF}.Release|Any CPU.Build.0 = Release|Any CPU
		{1ACEE604-FA73-469B-8C0B-A2C47367EDEF}.Release|x64.ActiveCfg = Release|Any CPU
		{1ACEE604-FA73-469B-8C0B-A2C47367EDEF}.Release|x64.Build.0 = Release|Any CPU
		{1ACEE604-FA73-469B-8C0B-A2C47367EDEF}.Release|x86.ActiveCfg = Release|Any CPU
		{1ACEE604-FA73-469B-8C0B-A2C47367EDEF}.Release|x86.Build.0 = Release|Any CPU
		{10D449E9-664B-45D4-9749-547DF9E55ABD}.Debug|Any CPU.ActiveCfg = Debug|Any CPU
		{10D449E9-664B-45D4-9749-547DF9E55ABD}.Debug|Any CPU.Build.0 = Debug|Any CPU
		{10D449E9-664B-45D4-9749-547DF9E55ABD}.Debug|x64.ActiveCfg = Debug|Any CPU
		{10D449E9-664B-45D4-9749-547DF9E55ABD}.Debug|x64.Build.0 = Debug|Any CPU
		{10D449E9-664B-45D4-9749-547DF9E55ABD}.Debug|x86.ActiveCfg = Debug|Any CPU
		{10D449E9-664B-45D4-9749-547DF9E55ABD}.Debug|x86.Build.0 = Debug|Any CPU
		{10D449E9-664B-45D4-9749-547DF9E55ABD}.Release|Any CPU.ActiveCfg = Release|Any CPU
		{10D449E9-664B-45D4-9749-547DF9E55ABD}.Release|Any CPU.Build.0 = Release|Any CPU
		{10D449E9-664B-45D4-9749-547DF9E55ABD}.Release|x64.ActiveCfg = Release|Any CPU
		{10D449E9-664B-45D4-9749-547DF9E55ABD}.Release|x64.Build.0 = Release|Any CPU
		{10D449E9-664B-45D4-9749-547DF9E55ABD}.Release|x86.ActiveCfg = Release|Any CPU
		{10D449E9-664B-45D4-9749-547DF9E55ABD}.Release|x86.Build.0 = Release|Any CPU
		{1C3FFC8F-A2CF-4D33-B493-780DACBD8F8E}.Debug|Any CPU.ActiveCfg = Debug|Any CPU
		{1C3FFC8F-A2CF-4D33-B493-780DACBD8F8E}.Debug|Any CPU.Build.0 = Debug|Any CPU
		{1C3FFC8F-A2CF-4D33-B493-780DACBD8F8E}.Debug|x64.ActiveCfg = Debug|Any CPU
		{1C3FFC8F-A2CF-4D33-B493-780DACBD8F8E}.Debug|x64.Build.0 = Debug|Any CPU
		{1C3FFC8F-A2CF-4D33-B493-780DACBD8F8E}.Debug|x86.ActiveCfg = Debug|Any CPU
		{1C3FFC8F-A2CF-4D33-B493-780DACBD8F8E}.Debug|x86.Build.0 = Debug|Any CPU
		{1C3FFC8F-A2CF-4D33-B493-780DACBD8F8E}.Release|Any CPU.ActiveCfg = Release|Any CPU
		{1C3FFC8F-A2CF-4D33-B493-780DACBD8F8E}.Release|Any CPU.Build.0 = Release|Any CPU
		{1C3FFC8F-A2CF-4D33-B493-780DACBD8F8E}.Release|x64.ActiveCfg = Release|Any CPU
		{1C3FFC8F-A2CF-4D33-B493-780DACBD8F8E}.Release|x64.Build.0 = Release|Any CPU
		{1C3FFC8F-A2CF-4D33-B493-780DACBD8F8E}.Release|x86.ActiveCfg = Release|Any CPU
		{1C3FFC8F-A2CF-4D33-B493-780DACBD8F8E}.Release|x86.Build.0 = Release|Any CPU
		{339E61EB-40C9-45CA-8901-E0A7435F82F3}.Debug|Any CPU.ActiveCfg = Debug|Any CPU
		{339E61EB-40C9-45CA-8901-E0A7435F82F3}.Debug|Any CPU.Build.0 = Debug|Any CPU
		{339E61EB-40C9-45CA-8901-E0A7435F82F3}.Debug|x64.ActiveCfg = Debug|Any CPU
		{339E61EB-40C9-45CA-8901-E0A7435F82F3}.Debug|x64.Build.0 = Debug|Any CPU
		{339E61EB-40C9-45CA-8901-E0A7435F82F3}.Debug|x86.ActiveCfg = Debug|Any CPU
		{339E61EB-40C9-45CA-8901-E0A7435F82F3}.Debug|x86.Build.0 = Debug|Any CPU
		{339E61EB-40C9-45CA-8901-E0A7435F82F3}.Release|Any CPU.ActiveCfg = Release|Any CPU
		{339E61EB-40C9-45CA-8901-E0A7435F82F3}.Release|Any CPU.Build.0 = Release|Any CPU
		{339E61EB-40C9-45CA-8901-E0A7435F82F3}.Release|x64.ActiveCfg = Release|Any CPU
		{339E61EB-40C9-45CA-8901-E0A7435F82F3}.Release|x64.Build.0 = Release|Any CPU
		{339E61EB-40C9-45CA-8901-E0A7435F82F3}.Release|x86.ActiveCfg = Release|Any CPU
		{339E61EB-40C9-45CA-8901-E0A7435F82F3}.Release|x86.Build.0 = Release|Any CPU
	EndGlobalSection
	GlobalSection(NestedProjects) = preSolution
		{E035E152-0856-4E40-802B-153BABBF1423} = {2078181C-ADB1-475C-A594-A0A2EF678586}
		{8F51FC87-40D9-47A1-A40C-7AB2060A365F} = {2078181C-ADB1-475C-A594-A0A2EF678586}
		{09ECDDA4-CDCB-46AA-8C92-134C464AF354} = {2078181C-ADB1-475C-A594-A0A2EF678586}
		{69208B0F-C04D-45AE-9D68-58DD53E50C63} = {E186C019-30C0-42D9-9C26-A553C5FEE76B}
		{8401CDFA-E380-4F21-9009-0A52B30E53D1} = {E186C019-30C0-42D9-9C26-A553C5FEE76B}
		{1ACEE604-FA73-469B-8C0B-A2C47367EDEF} = {2078181C-ADB1-475C-A594-A0A2EF678586}
		{10D449E9-664B-45D4-9749-547DF9E55ABD} = {2078181C-ADB1-475C-A594-A0A2EF678586}
		{1C3FFC8F-A2CF-4D33-B493-780DACBD8F8E} = {2078181C-ADB1-475C-A594-A0A2EF678586}
		{339E61EB-40C9-45CA-8901-E0A7435F82F3} = {E186C019-30C0-42D9-9C26-A553C5FEE76B}
	EndGlobalSection
EndGlobal
